// !$*UTF8*$!
{
	archiveVersion = 1;
	classes = {
	};
	objectVersion = 55;
	objects = {

/* Begin PBXBuildFile section */
		DE4A19D427BD17FE00F8D5D0 /* AppDelegate.swift in Sources */ = {isa = PBXBuildFile; fileRef = DE4A19D327BD17FE00F8D5D0 /* AppDelegate.swift */; };
		DE4A19D627BD17FE00F8D5D0 /* SceneDelegate.swift in Sources */ = {isa = PBXBuildFile; fileRef = DE4A19D527BD17FE00F8D5D0 /* SceneDelegate.swift */; };
		DE4A19DD27BD17FF00F8D5D0 /* Assets.xcassets in Resources */ = {isa = PBXBuildFile; fileRef = DE4A19DC27BD17FF00F8D5D0 /* Assets.xcassets */; };
		DE4A19E027BD17FF00F8D5D0 /* LaunchScreen.storyboard in Resources */ = {isa = PBXBuildFile; fileRef = DE4A19DE27BD17FF00F8D5D0 /* LaunchScreen.storyboard */; };
		DE4A19F027BD187A00F8D5D0 /* BaseViewController.swift in Sources */ = {isa = PBXBuildFile; fileRef = DE4A19EF27BD187A00F8D5D0 /* BaseViewController.swift */; };
		DE4A19F227BD18CF00F8D5D0 /* StockListViewController.swift in Sources */ = {isa = PBXBuildFile; fileRef = DE4A19F127BD18CF00F8D5D0 /* StockListViewController.swift */; };
		DE4A19F427BD18F400F8D5D0 /* BaseView.swift in Sources */ = {isa = PBXBuildFile; fileRef = DE4A19F327BD18F400F8D5D0 /* BaseView.swift */; };
		DE4A19F627BD193000F8D5D0 /* StockListView.swift in Sources */ = {isa = PBXBuildFile; fileRef = DE4A19F527BD193000F8D5D0 /* StockListView.swift */; };
		DE4A19F927BD198400F8D5D0 /* SnapKit in Frameworks */ = {isa = PBXBuildFile; productRef = DE4A19F827BD198400F8D5D0 /* SnapKit */; };
		DE4A19FB27BD1A7A00F8D5D0 /* Coordinator.swift in Sources */ = {isa = PBXBuildFile; fileRef = DE4A19FA27BD1A7A00F8D5D0 /* Coordinator.swift */; };
		DE4A19FD27BD1ACE00F8D5D0 /* CompositionRoot.swift in Sources */ = {isa = PBXBuildFile; fileRef = DE4A19FC27BD1ACE00F8D5D0 /* CompositionRoot.swift */; };
		DE4A19FF27BD1CC000F8D5D0 /* MainCoordinator.swift in Sources */ = {isa = PBXBuildFile; fileRef = DE4A19FE27BD1CC000F8D5D0 /* MainCoordinator.swift */; };
/* End PBXBuildFile section */

/* Begin PBXFileReference section */
		DE4A19D027BD17FE00F8D5D0 /* Stock.app */ = {isa = PBXFileReference; explicitFileType = wrapper.application; includeInIndex = 0; path = Stock.app; sourceTree = BUILT_PRODUCTS_DIR; };
		DE4A19D327BD17FE00F8D5D0 /* AppDelegate.swift */ = {isa = PBXFileReference; lastKnownFileType = sourcecode.swift; path = AppDelegate.swift; sourceTree = "<group>"; };
		DE4A19D527BD17FE00F8D5D0 /* SceneDelegate.swift */ = {isa = PBXFileReference; lastKnownFileType = sourcecode.swift; path = SceneDelegate.swift; sourceTree = "<group>"; };
		DE4A19DC27BD17FF00F8D5D0 /* Assets.xcassets */ = {isa = PBXFileReference; lastKnownFileType = folder.assetcatalog; path = Assets.xcassets; sourceTree = "<group>"; };
		DE4A19DF27BD17FF00F8D5D0 /* Base */ = {isa = PBXFileReference; lastKnownFileType = file.storyboard; name = Base; path = Base.lproj/LaunchScreen.storyboard; sourceTree = "<group>"; };
		DE4A19E127BD17FF00F8D5D0 /* Info.plist */ = {isa = PBXFileReference; lastKnownFileType = text.plist.xml; path = Info.plist; sourceTree = "<group>"; };
		DE4A19EF27BD187A00F8D5D0 /* BaseViewController.swift */ = {isa = PBXFileReference; lastKnownFileType = sourcecode.swift; path = BaseViewController.swift; sourceTree = "<group>"; };
		DE4A19F127BD18CF00F8D5D0 /* StockListViewController.swift */ = {isa = PBXFileReference; lastKnownFileType = sourcecode.swift; path = StockListViewController.swift; sourceTree = "<group>"; };
		DE4A19F327BD18F400F8D5D0 /* BaseView.swift */ = {isa = PBXFileReference; lastKnownFileType = sourcecode.swift; path = BaseView.swift; sourceTree = "<group>"; };
		DE4A19F527BD193000F8D5D0 /* StockListView.swift */ = {isa = PBXFileReference; lastKnownFileType = sourcecode.swift; path = StockListView.swift; sourceTree = "<group>"; };
		DE4A19FA27BD1A7A00F8D5D0 /* Coordinator.swift */ = {isa = PBXFileReference; lastKnownFileType = sourcecode.swift; path = Coordinator.swift; sourceTree = "<group>"; };
		DE4A19FC27BD1ACE00F8D5D0 /* CompositionRoot.swift */ = {isa = PBXFileReference; lastKnownFileType = sourcecode.swift; path = CompositionRoot.swift; sourceTree = "<group>"; };
		DE4A19FE27BD1CC000F8D5D0 /* MainCoordinator.swift */ = {isa = PBXFileReference; lastKnownFileType = sourcecode.swift; path = MainCoordinator.swift; sourceTree = "<group>"; };
/* End PBXFileReference section */

/* Begin PBXFrameworksBuildPhase section */
		DE4A19CD27BD17FE00F8D5D0 /* Frameworks */ = {
			isa = PBXFrameworksBuildPhase;
			buildActionMask = 2147483647;
			files = (
				DE4A19F927BD198400F8D5D0 /* SnapKit in Frameworks */,
			);
			runOnlyForDeploymentPostprocessing = 0;
		};
/* End PBXFrameworksBuildPhase section */

/* Begin PBXGroup section */
		DE4A19C727BD17FE00F8D5D0 = {
			isa = PBXGroup;
			children = (
				DE4A19D227BD17FE00F8D5D0 /* Stock */,
				DE4A19D127BD17FE00F8D5D0 /* Products */,
			);
			sourceTree = "<group>";
		};
		DE4A19D127BD17FE00F8D5D0 /* Products */ = {
			isa = PBXGroup;
			children = (
				DE4A19D027BD17FE00F8D5D0 /* Stock.app */,
			);
			name = Products;
			sourceTree = "<group>";
		};
		DE4A19D227BD17FE00F8D5D0 /* Stock */ = {
			isa = PBXGroup;
			children = (
				DE4A19EE27BD186200F8D5D0 /* Domain */,
				DE4A19ED27BD185E00F8D5D0 /* Repository */,
				DE4A19EC27BD185A00F8D5D0 /* model */,
				DE4A19EB27BD185200F8D5D0 /* Component */,
				DE4A19EA27BD184F00F8D5D0 /* View */,
				DE4A19E927BD184C00F8D5D0 /* Controller */,
				DE4A19E827BD184200F8D5D0 /* Coordinator */,
				DE4A19E727BD183F00F8D5D0 /* DI */,
				DE4A19D327BD17FE00F8D5D0 /* AppDelegate.swift */,
				DE4A19D527BD17FE00F8D5D0 /* SceneDelegate.swift */,
				DE4A19DC27BD17FF00F8D5D0 /* Assets.xcassets */,
				DE4A19DE27BD17FF00F8D5D0 /* LaunchScreen.storyboard */,
				DE4A19E127BD17FF00F8D5D0 /* Info.plist */,
			);
			path = Stock;
			sourceTree = "<group>";
		};
		DE4A19E727BD183F00F8D5D0 /* DI */ = {
			isa = PBXGroup;
			children = (
				DE4A19FC27BD1ACE00F8D5D0 /* CompositionRoot.swift */,
			);
			path = DI;
			sourceTree = "<group>";
		};
		DE4A19E827BD184200F8D5D0 /* Coordinator */ = {
			isa = PBXGroup;
			children = (
				DE4A19FA27BD1A7A00F8D5D0 /* Coordinator.swift */,
				DE4A19FE27BD1CC000F8D5D0 /* MainCoordinator.swift */,
			);
			path = Coordinator;
			sourceTree = "<group>";
		};
		DE4A19E927BD184C00F8D5D0 /* Controller */ = {
			isa = PBXGroup;
			children = (
				DE4A19EF27BD187A00F8D5D0 /* BaseViewController.swift */,
				DE4A19F127BD18CF00F8D5D0 /* StockListViewController.swift */,
			);
			path = Controller;
			sourceTree = "<group>";
		};
		DE4A19EA27BD184F00F8D5D0 /* View */ = {
			isa = PBXGroup;
			children = (
				DE4A19F327BD18F400F8D5D0 /* BaseView.swift */,
				DE4A19F527BD193000F8D5D0 /* StockListView.swift */,
			);
			path = View;
			sourceTree = "<group>";
		};
		DE4A19EB27BD185200F8D5D0 /* Component */ = {
			isa = PBXGroup;
			children = (
			);
			path = Component;
			sourceTree = "<group>";
		};
		DE4A19EC27BD185A00F8D5D0 /* model */ = {
			isa = PBXGroup;
			children = (
			);
			path = model;
			sourceTree = "<group>";
		};
		DE4A19ED27BD185E00F8D5D0 /* Repository */ = {
			isa = PBXGroup;
			children = (
			);
			path = Repository;
			sourceTree = "<group>";
		};
		DE4A19EE27BD186200F8D5D0 /* Domain */ = {
			isa = PBXGroup;
			children = (
			);
			path = Domain;
			sourceTree = "<group>";
		};
/* End PBXGroup section */

/* Begin PBXNativeTarget section */
		DE4A19CF27BD17FE00F8D5D0 /* Stock */ = {
			isa = PBXNativeTarget;
			buildConfigurationList = DE4A19E427BD17FF00F8D5D0 /* Build configuration list for PBXNativeTarget "Stock" */;
			buildPhases = (
				DE4A19CC27BD17FE00F8D5D0 /* Sources */,
				DE4A19CD27BD17FE00F8D5D0 /* Frameworks */,
				DE4A19CE27BD17FE00F8D5D0 /* Resources */,
			);
			buildRules = (
			);
			dependencies = (
			);
			name = Stock;
			packageProductDependencies = (
				DE4A19F827BD198400F8D5D0 /* SnapKit */,
			);
			productName = Stock;
			productReference = DE4A19D027BD17FE00F8D5D0 /* Stock.app */;
			productType = "com.apple.product-type.application";
		};
/* End PBXNativeTarget section */

/* Begin PBXProject section */
		DE4A19C827BD17FE00F8D5D0 /* Project object */ = {
			isa = PBXProject;
			attributes = {
				BuildIndependentTargetsInParallel = 1;
				LastSwiftUpdateCheck = 1320;
				LastUpgradeCheck = 1320;
				TargetAttributes = {
					DE4A19CF27BD17FE00F8D5D0 = {
						CreatedOnToolsVersion = 13.2.1;
					};
				};
			};
			buildConfigurationList = DE4A19CB27BD17FE00F8D5D0 /* Build configuration list for PBXProject "Stock" */;
			compatibilityVersion = "Xcode 13.0";
			developmentRegion = en;
			hasScannedForEncodings = 0;
			knownRegions = (
				en,
				Base,
			);
			mainGroup = DE4A19C727BD17FE00F8D5D0;
			packageReferences = (
				DE4A19F727BD198400F8D5D0 /* XCRemoteSwiftPackageReference "SnapKit" */,
			);
			productRefGroup = DE4A19D127BD17FE00F8D5D0 /* Products */;
			projectDirPath = "";
			projectRoot = "";
			targets = (
				DE4A19CF27BD17FE00F8D5D0 /* Stock */,
			);
		};
/* End PBXProject section */

/* Begin PBXResourcesBuildPhase section */
		DE4A19CE27BD17FE00F8D5D0 /* Resources */ = {
			isa = PBXResourcesBuildPhase;
			buildActionMask = 2147483647;
			files = (
				DE4A19E027BD17FF00F8D5D0 /* LaunchScreen.storyboard in Resources */,
				DE4A19DD27BD17FF00F8D5D0 /* Assets.xcassets in Resources */,
			);
			runOnlyForDeploymentPostprocessing = 0;
		};
/* End PBXResourcesBuildPhase section */

/* Begin PBXSourcesBuildPhase section */
		DE4A19CC27BD17FE00F8D5D0 /* Sources */ = {
			isa = PBXSourcesBuildPhase;
			buildActionMask = 2147483647;
			files = (
				DE4A19FD27BD1ACE00F8D5D0 /* CompositionRoot.swift in Sources */,
				DE4A19D427BD17FE00F8D5D0 /* AppDelegate.swift in Sources */,
				DE4A19D627BD17FE00F8D5D0 /* SceneDelegate.swift in Sources */,
				DE4A19F427BD18F400F8D5D0 /* BaseView.swift in Sources */,
				DE4A19FF27BD1CC000F8D5D0 /* MainCoordinator.swift in Sources */,
				DE4A19F627BD193000F8D5D0 /* StockListView.swift in Sources */,
				DE4A19F027BD187A00F8D5D0 /* BaseViewController.swift in Sources */,
				DE4A19F227BD18CF00F8D5D0 /* StockListViewController.swift in Sources */,
				DE4A19FB27BD1A7A00F8D5D0 /* Coordinator.swift in Sources */,
			);
			runOnlyForDeploymentPostprocessing = 0;
		};
/* End PBXSourcesBuildPhase section */

/* Begin PBXVariantGroup section */
		DE4A19DE27BD17FF00F8D5D0 /* LaunchScreen.storyboard */ = {
			isa = PBXVariantGroup;
			children = (
				DE4A19DF27BD17FF00F8D5D0 /* Base */,
			);
			name = LaunchScreen.storyboard;
			sourceTree = "<group>";
		};
/* End PBXVariantGroup section */

/* Begin XCBuildConfiguration section */
		DE4A19E227BD17FF00F8D5D0 /* Debug */ = {
			isa = XCBuildConfiguration;
			buildSettings = {
				ALWAYS_SEARCH_USER_PATHS = NO;
				CLANG_ANALYZER_NONNULL = YES;
				CLANG_ANALYZER_NUMBER_OBJECT_CONVERSION = YES_AGGRESSIVE;
				CLANG_CXX_LANGUAGE_STANDARD = "gnu++17";
				CLANG_CXX_LIBRARY = "libc++";
				CLANG_ENABLE_MODULES = YES;
				CLANG_ENABLE_OBJC_ARC = YES;
				CLANG_ENABLE_OBJC_WEAK = YES;
				CLANG_WARN_BLOCK_CAPTURE_AUTORELEASING = YES;
				CLANG_WARN_BOOL_CONVERSION = YES;
				CLANG_WARN_COMMA = YES;
				CLANG_WARN_CONSTANT_CONVERSION = YES;
				CLANG_WARN_DEPRECATED_OBJC_IMPLEMENTATIONS = YES;
				CLANG_WARN_DIRECT_OBJC_ISA_USAGE = YES_ERROR;
				CLANG_WARN_DOCUMENTATION_COMMENTS = YES;
				CLANG_WARN_EMPTY_BODY = YES;
				CLANG_WARN_ENUM_CONVERSION = YES;
				CLANG_WARN_INFINITE_RECURSION = YES;
				CLANG_WARN_INT_CONVERSION = YES;
				CLANG_WARN_NON_LITERAL_NULL_CONVERSION = YES;
				CLANG_WARN_OBJC_IMPLICIT_RETAIN_SELF = YES;
				CLANG_WARN_OBJC_LITERAL_CONVERSION = YES;
				CLANG_WARN_OBJC_ROOT_CLASS = YES_ERROR;
				CLANG_WARN_QUOTED_INCLUDE_IN_FRAMEWORK_HEADER = YES;
				CLANG_WARN_RANGE_LOOP_ANALYSIS = YES;
				CLANG_WARN_STRICT_PROTOTYPES = YES;
				CLANG_WARN_SUSPICIOUS_MOVE = YES;
				CLANG_WARN_UNGUARDED_AVAILABILITY = YES_AGGRESSIVE;
				CLANG_WARN_UNREACHABLE_CODE = YES;
				CLANG_WARN__DUPLICATE_METHOD_MATCH = YES;
				COPY_PHASE_STRIP = NO;
				DEBUG_INFORMATION_FORMAT = dwarf;
				ENABLE_STRICT_OBJC_MSGSEND = YES;
				ENABLE_TESTABILITY = YES;
				GCC_C_LANGUAGE_STANDARD = gnu11;
				GCC_DYNAMIC_NO_PIC = NO;
				GCC_NO_COMMON_BLOCKS = YES;
				GCC_OPTIMIZATION_LEVEL = 0;
				GCC_PREPROCESSOR_DEFINITIONS = (
					"DEBUG=1",
					"$(inherited)",
				);
				GCC_WARN_64_TO_32_BIT_CONVERSION = YES;
				GCC_WARN_ABOUT_RETURN_TYPE = YES_ERROR;
				GCC_WARN_UNDECLARED_SELECTOR = YES;
				GCC_WARN_UNINITIALIZED_AUTOS = YES_AGGRESSIVE;
				GCC_WARN_UNUSED_FUNCTION = YES;
				GCC_WARN_UNUSED_VARIABLE = YES;
				IPHONEOS_DEPLOYMENT_TARGET = 15.2;
				MTL_ENABLE_DEBUG_INFO = INCLUDE_SOURCE;
				MTL_FAST_MATH = YES;
				ONLY_ACTIVE_ARCH = YES;
				SDKROOT = iphoneos;
				SWIFT_ACTIVE_COMPILATION_CONDITIONS = DEBUG;
				SWIFT_OPTIMIZATION_LEVEL = "-Onone";
			};
			name = Debug;
		};
		DE4A19E327BD17FF00F8D5D0 /* Release */ = {
			isa = XCBuildConfiguration;
			buildSettings = {
				ALWAYS_SEARCH_USER_PATHS = NO;
				CLANG_ANALYZER_NONNULL = YES;
				CLANG_ANALYZER_NUMBER_OBJECT_CONVERSION = YES_AGGRESSIVE;
				CLANG_CXX_LANGUAGE_STANDARD = "gnu++17";
				CLANG_CXX_LIBRARY = "libc++";
				CLANG_ENABLE_MODULES = YES;
				CLANG_ENABLE_OBJC_ARC = YES;
				CLANG_ENABLE_OBJC_WEAK = YES;
				CLANG_WARN_BLOCK_CAPTURE_AUTORELEASING = YES;
				CLANG_WARN_BOOL_CONVERSION = YES;
				CLANG_WARN_COMMA = YES;
				CLANG_WARN_CONSTANT_CONVERSION = YES;
				CLANG_WARN_DEPRECATED_OBJC_IMPLEMENTATIONS = YES;
				CLANG_WARN_DIRECT_OBJC_ISA_USAGE = YES_ERROR;
				CLANG_WARN_DOCUMENTATION_COMMENTS = YES;
				CLANG_WARN_EMPTY_BODY = YES;
				CLANG_WARN_ENUM_CONVERSION = YES;
				CLANG_WARN_INFINITE_RECURSION = YES;
				CLANG_WARN_INT_CONVERSION = YES;
				CLANG_WARN_NON_LITERAL_NULL_CONVERSION = YES;
				CLANG_WARN_OBJC_IMPLICIT_RETAIN_SELF = YES;
				CLANG_WARN_OBJC_LITERAL_CONVERSION = YES;
				CLANG_WARN_OBJC_ROOT_CLASS = YES_ERROR;
				CLANG_WARN_QUOTED_INCLUDE_IN_FRAMEWORK_HEADER = YES;
				CLANG_WARN_RANGE_LOOP_ANALYSIS = YES;
				CLANG_WARN_STRICT_PROTOTYPES = YES;
				CLANG_WARN_SUSPICIOUS_MOVE = YES;
				CLANG_WARN_UNGUARDED_AVAILABILITY = YES_AGGRESSIVE;
				CLANG_WARN_UNREACHABLE_CODE = YES;
				CLANG_WARN__DUPLICATE_METHOD_MATCH = YES;
				COPY_PHASE_STRIP = NO;
				DEBUG_INFORMATION_FORMAT = "dwarf-with-dsym";
				ENABLE_NS_ASSERTIONS = NO;
				ENABLE_STRICT_OBJC_MSGSEND = YES;
				GCC_C_LANGUAGE_STANDARD = gnu11;
				GCC_NO_COMMON_BLOCKS = YES;
				GCC_WARN_64_TO_32_BIT_CONVERSION = YES;
				GCC_WARN_ABOUT_RETURN_TYPE = YES_ERROR;
				GCC_WARN_UNDECLARED_SELECTOR = YES;
				GCC_WARN_UNINITIALIZED_AUTOS = YES_AGGRESSIVE;
				GCC_WARN_UNUSED_FUNCTION = YES;
				GCC_WARN_UNUSED_VARIABLE = YES;
				IPHONEOS_DEPLOYMENT_TARGET = 15.2;
				MTL_ENABLE_DEBUG_INFO = NO;
				MTL_FAST_MATH = YES;
				SDKROOT = iphoneos;
				SWIFT_COMPILATION_MODE = wholemodule;
				SWIFT_OPTIMIZATION_LEVEL = "-O";
				VALIDATE_PRODUCT = YES;
			};
			name = Release;
		};
		DE4A19E527BD17FF00F8D5D0 /* Debug */ = {
			isa = XCBuildConfiguration;
			buildSettings = {
				ASSETCATALOG_COMPILER_APPICON_NAME = AppIcon;
				ASSETCATALOG_COMPILER_GLOBAL_ACCENT_COLOR_NAME = AccentColor;
				CODE_SIGN_STYLE = Automatic;
				CURRENT_PROJECT_VERSION = 1;
				DEVELOPMENT_TEAM = J74H985T9L;
				GENERATE_INFOPLIST_FILE = YES;
				INFOPLIST_FILE = Stock/Info.plist;
				INFOPLIST_KEY_UIApplicationSupportsIndirectInputEvents = YES;
				INFOPLIST_KEY_UILaunchStoryboardName = LaunchScreen;
				INFOPLIST_KEY_UISupportedInterfaceOrientations_iPad = "UIInterfaceOrientationPortrait UIInterfaceOrientationPortraitUpsideDown UIInterfaceOrientationLandscapeLeft UIInterfaceOrientationLandscapeRight";
				INFOPLIST_KEY_UISupportedInterfaceOrientations_iPhone = "UIInterfaceOrientationPortrait UIInterfaceOrientationLandscapeLeft UIInterfaceOrientationLandscapeRight";
				LD_RUNPATH_SEARCH_PATHS = (
					"$(inherited)",
					"@executable_path/Frameworks",
				);
				MARKETING_VERSION = 1.0;
				PRODUCT_BUNDLE_IDENTIFIER = com.terry.Stock;
				PRODUCT_NAME = "$(TARGET_NAME)";
				SWIFT_EMIT_LOC_STRINGS = YES;
				SWIFT_VERSION = 5.0;
				TARGETED_DEVICE_FAMILY = "1,2";
			};
			name = Debug;
		};
		DE4A19E627BD17FF00F8D5D0 /* Release */ = {
			isa = XCBuildConfiguration;
			buildSettings = {
				ASSETCATALOG_COMPILER_APPICON_NAME = AppIcon;
				ASSETCATALOG_COMPILER_GLOBAL_ACCENT_COLOR_NAME = AccentColor;
				CODE_SIGN_STYLE = Automatic;
				CURRENT_PROJECT_VERSION = 1;
				DEVELOPMENT_TEAM = J74H985T9L;
				GENERATE_INFOPLIST_FILE = YES;
				INFOPLIST_FILE = Stock/Info.plist;
				INFOPLIST_KEY_UIApplicationSupportsIndirectInputEvents = YES;
				INFOPLIST_KEY_UILaunchStoryboardName = LaunchScreen;
				INFOPLIST_KEY_UISupportedInterfaceOrientations_iPad = "UIInterfaceOrientationPortrait UIInterfaceOrientationPortraitUpsideDown UIInterfaceOrientationLandscapeLeft UIInterfaceOrientationLandscapeRight";
				INFOPLIST_KEY_UISupportedInterfaceOrientations_iPhone = "UIInterfaceOrientationPortrait UIInterfaceOrientationLandscapeLeft UIInterfaceOrientationLandscapeRight";
				LD_RUNPATH_SEARCH_PATHS = (
					"$(inherited)",
					"@executable_path/Frameworks",
				);
				MARKETING_VERSION = 1.0;
				PRODUCT_BUNDLE_IDENTIFIER = com.terry.Stock;
				PRODUCT_NAME = "$(TARGET_NAME)";
				SWIFT_EMIT_LOC_STRINGS = YES;
				SWIFT_VERSION = 5.0;
				TARGETED_DEVICE_FAMILY = "1,2";
			};
			name = Release;
		};
/* End XCBuildConfiguration section */

/* Begin XCConfigurationList section */
		DE4A19CB27BD17FE00F8D5D0 /* Build configuration list for PBXProject "Stock" */ = {
			isa = XCConfigurationList;
			buildConfigurations = (
				DE4A19E227BD17FF00F8D5D0 /* Debug */,
				DE4A19E327BD17FF00F8D5D0 /* Release */,
			);
			defaultConfigurationIsVisible = 0;
			defaultConfigurationName = Release;
		};
		DE4A19E427BD17FF00F8D5D0 /* Build configuration list for PBXNativeTarget "Stock" */ = {
			isa = XCConfigurationList;
			buildConfigurations = (
				DE4A19E527BD17FF00F8D5D0 /* Debug */,
				DE4A19E627BD17FF00F8D5D0 /* Release */,
			);
			defaultConfigurationIsVisible = 0;
			defaultConfigurationName = Release;
		};
/* End XCConfigurationList section */

/* Begin XCRemoteSwiftPackageReference section */
		DE4A19F727BD198400F8D5D0 /* XCRemoteSwiftPackageReference "SnapKit" */ = {
			isa = XCRemoteSwiftPackageReference;
			repositoryURL = "https://github.com/SnapKit/SnapKit";
			requirement = {
				kind = upToNextMajorVersion;
				minimumVersion = 5.0.0;
			};
		};
/* End XCRemoteSwiftPackageReference section */

/* Begin XCSwiftPackageProductDependency section */
		DE4A19F827BD198400F8D5D0 /* SnapKit */ = {
			isa = XCSwiftPackageProductDependency;
			package = DE4A19F727BD198400F8D5D0 /* XCRemoteSwiftPackageReference "SnapKit" */;
			productName = SnapKit;
		};
/* End XCSwiftPackageProductDependency section */
	};
	rootObject = DE4A19C827BD17FE00F8D5D0 /* Project object */;
}
